// !$*UTF8*$!
{
	archiveVersion = 1;
	classes = {
	};
	objectVersion = 56;
	objects = {

/* Begin PBXBuildFile section */
		A66DAB882A12C0840071D0F8 /* SwiftUI_tutorialApp.swift in Sources */ = {isa = PBXBuildFile; fileRef = A66DAB872A12C0840071D0F8 /* SwiftUI_tutorialApp.swift */; };
		A66DAB8A2A12C0840071D0F8 /* StacksView.swift in Sources */ = {isa = PBXBuildFile; fileRef = A66DAB892A12C0840071D0F8 /* StacksView.swift */; };
		A66DAB8C2A12C0860071D0F8 /* Assets.xcassets in Resources */ = {isa = PBXBuildFile; fileRef = A66DAB8B2A12C0860071D0F8 /* Assets.xcassets */; };
		A66DAB8F2A12C0860071D0F8 /* Preview Assets.xcassets in Resources */ = {isa = PBXBuildFile; fileRef = A66DAB8E2A12C0860071D0F8 /* Preview Assets.xcassets */; };
		A66DAB982A12D0F50071D0F8 /* ImagesView.swift in Sources */ = {isa = PBXBuildFile; fileRef = A66DAB972A12D0F40071D0F8 /* ImagesView.swift */; };
		A66DAB9A2A12D77E0071D0F8 /* IconsView.swift in Sources */ = {isa = PBXBuildFile; fileRef = A66DAB992A12D77E0071D0F8 /* IconsView.swift */; };
		A66DAB9C2A12DA220071D0F8 /* StateView.swift in Sources */ = {isa = PBXBuildFile; fileRef = A66DAB9B2A12DA220071D0F8 /* StateView.swift */; };
		A66DAB9E2A12DBDE0071D0F8 /* LabelsView.swift in Sources */ = {isa = PBXBuildFile; fileRef = A66DAB9D2A12DBDE0071D0F8 /* LabelsView.swift */; };
		A66DABA02A12DFE10071D0F8 /* TextView.swift in Sources */ = {isa = PBXBuildFile; fileRef = A66DAB9F2A12DFE10071D0F8 /* TextView.swift */; };
		A66DABA22A12E2610071D0F8 /* ButtonView.swift in Sources */ = {isa = PBXBuildFile; fileRef = A66DABA12A12E2610071D0F8 /* ButtonView.swift */; };
		A66DABA42A12E8280071D0F8 /* TextFieldView.swift in Sources */ = {isa = PBXBuildFile; fileRef = A66DABA32A12E8280071D0F8 /* TextFieldView.swift */; };
		A66DABA62A12F4B80071D0F8 /* TextEditorView.swift in Sources */ = {isa = PBXBuildFile; fileRef = A66DABA52A12F4B80071D0F8 /* TextEditorView.swift */; };
		A66DABA82A12F8240071D0F8 /* DatePickerView.swift in Sources */ = {isa = PBXBuildFile; fileRef = A66DABA72A12F8240071D0F8 /* DatePickerView.swift */; };
		A66DABAA2A12FA430071D0F8 /* ColorPickerView.swift in Sources */ = {isa = PBXBuildFile; fileRef = A66DABA92A12FA430071D0F8 /* ColorPickerView.swift */; };
		A66DABAC2A146D560071D0F8 /* CustomProgressView.swift in Sources */ = {isa = PBXBuildFile; fileRef = A66DABAB2A146D550071D0F8 /* CustomProgressView.swift */; };
/* End PBXBuildFile section */

/* Begin PBXFileReference section */
		A66DAB842A12C0840071D0F8 /* SwiftUI-tutorial.app */ = {isa = PBXFileReference; explicitFileType = wrapper.application; includeInIndex = 0; path = "SwiftUI-tutorial.app"; sourceTree = BUILT_PRODUCTS_DIR; };
		A66DAB872A12C0840071D0F8 /* SwiftUI_tutorialApp.swift */ = {isa = PBXFileReference; lastKnownFileType = sourcecode.swift; path = SwiftUI_tutorialApp.swift; sourceTree = "<group>"; };
		A66DAB892A12C0840071D0F8 /* StacksView.swift */ = {isa = PBXFileReference; lastKnownFileType = sourcecode.swift; path = StacksView.swift; sourceTree = "<group>"; };
		A66DAB8B2A12C0860071D0F8 /* Assets.xcassets */ = {isa = PBXFileReference; lastKnownFileType = folder.assetcatalog; path = Assets.xcassets; sourceTree = "<group>"; };
		A66DAB8E2A12C0860071D0F8 /* Preview Assets.xcassets */ = {isa = PBXFileReference; lastKnownFileType = folder.assetcatalog; path = "Preview Assets.xcassets"; sourceTree = "<group>"; };
		A66DAB972A12D0F40071D0F8 /* ImagesView.swift */ = {isa = PBXFileReference; lastKnownFileType = sourcecode.swift; path = ImagesView.swift; sourceTree = "<group>"; };
		A66DAB992A12D77E0071D0F8 /* IconsView.swift */ = {isa = PBXFileReference; lastKnownFileType = sourcecode.swift; path = IconsView.swift; sourceTree = "<group>"; };
		A66DAB9B2A12DA220071D0F8 /* StateView.swift */ = {isa = PBXFileReference; lastKnownFileType = sourcecode.swift; path = StateView.swift; sourceTree = "<group>"; };
		A66DAB9D2A12DBDE0071D0F8 /* LabelsView.swift */ = {isa = PBXFileReference; lastKnownFileType = sourcecode.swift; path = LabelsView.swift; sourceTree = "<group>"; };
		A66DAB9F2A12DFE10071D0F8 /* TextView.swift */ = {isa = PBXFileReference; lastKnownFileType = sourcecode.swift; path = TextView.swift; sourceTree = "<group>"; };
		A66DABA12A12E2610071D0F8 /* ButtonView.swift */ = {isa = PBXFileReference; lastKnownFileType = sourcecode.swift; path = ButtonView.swift; sourceTree = "<group>"; };
		A66DABA32A12E8280071D0F8 /* TextFieldView.swift */ = {isa = PBXFileReference; lastKnownFileType = sourcecode.swift; path = TextFieldView.swift; sourceTree = "<group>"; };
		A66DABA52A12F4B80071D0F8 /* TextEditorView.swift */ = {isa = PBXFileReference; lastKnownFileType = sourcecode.swift; path = TextEditorView.swift; sourceTree = "<group>"; };
		A66DABA72A12F8240071D0F8 /* DatePickerView.swift */ = {isa = PBXFileReference; lastKnownFileType = sourcecode.swift; path = DatePickerView.swift; sourceTree = "<group>"; };
		A66DABA92A12FA430071D0F8 /* ColorPickerView.swift */ = {isa = PBXFileReference; lastKnownFileType = sourcecode.swift; path = ColorPickerView.swift; sourceTree = "<group>"; };
		A66DABAB2A146D550071D0F8 /* CustomProgressView.swift */ = {isa = PBXFileReference; lastKnownFileType = sourcecode.swift; path = CustomProgressView.swift; sourceTree = "<group>"; };
/* End PBXFileReference section */

/* Begin PBXFrameworksBuildPhase section */
		A66DAB812A12C0840071D0F8 /* Frameworks */ = {
			isa = PBXFrameworksBuildPhase;
			buildActionMask = 2147483647;
			files = (
			);
			runOnlyForDeploymentPostprocessing = 0;
		};
/* End PBXFrameworksBuildPhase section */

/* Begin PBXGroup section */
		A66DAB7B2A12C0840071D0F8 = {
			isa = PBXGroup;
			children = (
				A66DAB862A12C0840071D0F8 /* SwiftUI-tutorial */,
				A66DAB852A12C0840071D0F8 /* Products */,
			);
			sourceTree = "<group>";
		};
		A66DAB852A12C0840071D0F8 /* Products */ = {
			isa = PBXGroup;
			children = (
				A66DAB842A12C0840071D0F8 /* SwiftUI-tutorial.app */,
			);
			name = Products;
			sourceTree = "<group>";
		};
		A66DAB862A12C0840071D0F8 /* SwiftUI-tutorial */ = {
			isa = PBXGroup;
			children = (
				A66DAB872A12C0840071D0F8 /* SwiftUI_tutorialApp.swift */,
				A66DAB892A12C0840071D0F8 /* StacksView.swift */,
				A66DAB972A12D0F40071D0F8 /* ImagesView.swift */,
				A66DAB992A12D77E0071D0F8 /* IconsView.swift */,
				A66DAB9B2A12DA220071D0F8 /* StateView.swift */,
				A66DAB9D2A12DBDE0071D0F8 /* LabelsView.swift */,
				A66DAB9F2A12DFE10071D0F8 /* TextView.swift */,
				A66DABA12A12E2610071D0F8 /* ButtonView.swift */,
				A66DABA32A12E8280071D0F8 /* TextFieldView.swift */,
				A66DABA52A12F4B80071D0F8 /* TextEditorView.swift */,
				A66DABA72A12F8240071D0F8 /* DatePickerView.swift */,
				A66DABA92A12FA430071D0F8 /* ColorPickerView.swift */,
				A66DABAB2A146D550071D0F8 /* CustomProgressView.swift */,
				A66DAB8B2A12C0860071D0F8 /* Assets.xcassets */,
				A66DAB8D2A12C0860071D0F8 /* Preview Content */,
			);
			path = "SwiftUI-tutorial";
			sourceTree = "<group>";
		};
		A66DAB8D2A12C0860071D0F8 /* Preview Content */ = {
			isa = PBXGroup;
			children = (
				A66DAB8E2A12C0860071D0F8 /* Preview Assets.xcassets */,
			);
			path = "Preview Content";
			sourceTree = "<group>";
		};
/* End PBXGroup section */

/* Begin PBXNativeTarget section */
		A66DAB832A12C0840071D0F8 /* SwiftUI-tutorial */ = {
			isa = PBXNativeTarget;
			buildConfigurationList = A66DAB922A12C0860071D0F8 /* Build configuration list for PBXNativeTarget "SwiftUI-tutorial" */;
			buildPhases = (
				A66DAB802A12C0840071D0F8 /* Sources */,
				A66DAB812A12C0840071D0F8 /* Frameworks */,
				A66DAB822A12C0840071D0F8 /* Resources */,
			);
			buildRules = (
			);
			dependencies = (
			);
			name = "SwiftUI-tutorial";
			productName = "SwiftUI-tutorial";
			productReference = A66DAB842A12C0840071D0F8 /* SwiftUI-tutorial.app */;
			productType = "com.apple.product-type.application";
		};
/* End PBXNativeTarget section */

/* Begin PBXProject section */
		A66DAB7C2A12C0840071D0F8 /* Project object */ = {
			isa = PBXProject;
			attributes = {
				BuildIndependentTargetsInParallel = 1;
				LastSwiftUpdateCheck = 1420;
				LastUpgradeCheck = 1420;
				TargetAttributes = {
					A66DAB832A12C0840071D0F8 = {
						CreatedOnToolsVersion = 14.2;
					};
				};
			};
			buildConfigurationList = A66DAB7F2A12C0840071D0F8 /* Build configuration list for PBXProject "SwiftUI-tutorial" */;
			compatibilityVersion = "Xcode 14.0";
			developmentRegion = en;
			hasScannedForEncodings = 0;
			knownRegions = (
				en,
				Base,
			);
			mainGroup = A66DAB7B2A12C0840071D0F8;
			productRefGroup = A66DAB852A12C0840071D0F8 /* Products */;
			projectDirPath = "";
			projectRoot = "";
			targets = (
				A66DAB832A12C0840071D0F8 /* SwiftUI-tutorial */,
			);
		};
/* End PBXProject section */

/* Begin PBXResourcesBuildPhase section */
		A66DAB822A12C0840071D0F8 /* Resources */ = {
			isa = PBXResourcesBuildPhase;
			buildActionMask = 2147483647;
			files = (
				A66DAB8F2A12C0860071D0F8 /* Preview Assets.xcassets in Resources */,
				A66DAB8C2A12C0860071D0F8 /* Assets.xcassets in Resources */,
			);
			runOnlyForDeploymentPostprocessing = 0;
		};
/* End PBXResourcesBuildPhase section */

/* Begin PBXSourcesBuildPhase section */
		A66DAB802A12C0840071D0F8 /* Sources */ = {
			isa = PBXSourcesBuildPhase;
			buildActionMask = 2147483647;
			files = (
				A66DAB8A2A12C0840071D0F8 /* StacksView.swift in Sources */,
				A66DAB9E2A12DBDE0071D0F8 /* LabelsView.swift in Sources */,
				A66DABA22A12E2610071D0F8 /* ButtonView.swift in Sources */,
				A66DABA82A12F8240071D0F8 /* DatePickerView.swift in Sources */,
				A66DAB9A2A12D77E0071D0F8 /* IconsView.swift in Sources */,
				A66DABA02A12DFE10071D0F8 /* TextView.swift in Sources */,
				A66DAB9C2A12DA220071D0F8 /* StateView.swift in Sources */,
				A66DAB882A12C0840071D0F8 /* SwiftUI_tutorialApp.swift in Sources */,
				A66DABAC2A146D560071D0F8 /* CustomProgressView.swift in Sources */,
				A66DABAA2A12FA430071D0F8 /* ColorPickerView.swift in Sources */,
				A66DAB982A12D0F50071D0F8 /* ImagesView.swift in Sources */,
				A66DABA62A12F4B80071D0F8 /* TextEditorView.swift in Sources */,
				A66DABA42A12E8280071D0F8 /* TextFieldView.swift in Sources */,
			);
			runOnlyForDeploymentPostprocessing = 0;
		};
/* End PBXSourcesBuildPhase section */

/* Begin XCBuildConfiguration section */
		A66DAB902A12C0860071D0F8 /* Debug */ = {
			isa = XCBuildConfiguration;
			buildSettings = {
				ALWAYS_SEARCH_USER_PATHS = NO;
				CLANG_ANALYZER_NONNULL = YES;
				CLANG_ANALYZER_NUMBER_OBJECT_CONVERSION = YES_AGGRESSIVE;
				CLANG_CXX_LANGUAGE_STANDARD = "gnu++20";
				CLANG_ENABLE_MODULES = YES;
				CLANG_ENABLE_OBJC_ARC = YES;
				CLANG_ENABLE_OBJC_WEAK = YES;
				CLANG_WARN_BLOCK_CAPTURE_AUTORELEASING = YES;
				CLANG_WARN_BOOL_CONVERSION = YES;
				CLANG_WARN_COMMA = YES;
				CLANG_WARN_CONSTANT_CONVERSION = YES;
				CLANG_WARN_DEPRECATED_OBJC_IMPLEMENTATIONS = YES;
				CLANG_WARN_DIRECT_OBJC_ISA_USAGE = YES_ERROR;
				CLANG_WARN_DOCUMENTATION_COMMENTS = YES;
				CLANG_WARN_EMPTY_BODY = YES;
				CLANG_WARN_ENUM_CONVERSION = YES;
				CLANG_WARN_INFINITE_RECURSION = YES;
				CLANG_WARN_INT_CONVERSION = YES;
				CLANG_WARN_NON_LITERAL_NULL_CONVERSION = YES;
				CLANG_WARN_OBJC_IMPLICIT_RETAIN_SELF = YES;
				CLANG_WARN_OBJC_LITERAL_CONVERSION = YES;
				CLANG_WARN_OBJC_ROOT_CLASS = YES_ERROR;
				CLANG_WARN_QUOTED_INCLUDE_IN_FRAMEWORK_HEADER = YES;
				CLANG_WARN_RANGE_LOOP_ANALYSIS = YES;
				CLANG_WARN_STRICT_PROTOTYPES = YES;
				CLANG_WARN_SUSPICIOUS_MOVE = YES;
				CLANG_WARN_UNGUARDED_AVAILABILITY = YES_AGGRESSIVE;
				CLANG_WARN_UNREACHABLE_CODE = YES;
				CLANG_WARN__DUPLICATE_METHOD_MATCH = YES;
				COPY_PHASE_STRIP = NO;
				DEBUG_INFORMATION_FORMAT = dwarf;
				ENABLE_STRICT_OBJC_MSGSEND = YES;
				ENABLE_TESTABILITY = YES;
				GCC_C_LANGUAGE_STANDARD = gnu11;
				GCC_DYNAMIC_NO_PIC = NO;
				GCC_NO_COMMON_BLOCKS = YES;
				GCC_OPTIMIZATION_LEVEL = 0;
				GCC_PREPROCESSOR_DEFINITIONS = (
					"DEBUG=1",
					"$(inherited)",
				);
				GCC_WARN_64_TO_32_BIT_CONVERSION = YES;
				GCC_WARN_ABOUT_RETURN_TYPE = YES_ERROR;
				GCC_WARN_UNDECLARED_SELECTOR = YES;
				GCC_WARN_UNINITIALIZED_AUTOS = YES_AGGRESSIVE;
				GCC_WARN_UNUSED_FUNCTION = YES;
				GCC_WARN_UNUSED_VARIABLE = YES;
				IPHONEOS_DEPLOYMENT_TARGET = 16.2;
				MTL_ENABLE_DEBUG_INFO = INCLUDE_SOURCE;
				MTL_FAST_MATH = YES;
				ONLY_ACTIVE_ARCH = YES;
				SDKROOT = iphoneos;
				SWIFT_ACTIVE_COMPILATION_CONDITIONS = DEBUG;
				SWIFT_OPTIMIZATION_LEVEL = "-Onone";
			};
			name = Debug;
		};
		A66DAB912A12C0860071D0F8 /* Release */ = {
			isa = XCBuildConfiguration;
			buildSettings = {
				ALWAYS_SEARCH_USER_PATHS = NO;
				CLANG_ANALYZER_NONNULL = YES;
				CLANG_ANALYZER_NUMBER_OBJECT_CONVERSION = YES_AGGRESSIVE;
				CLANG_CXX_LANGUAGE_STANDARD = "gnu++20";
				CLANG_ENABLE_MODULES = YES;
				CLANG_ENABLE_OBJC_ARC = YES;
				CLANG_ENABLE_OBJC_WEAK = YES;
				CLANG_WARN_BLOCK_CAPTURE_AUTORELEASING = YES;
				CLANG_WARN_BOOL_CONVERSION = YES;
				CLANG_WARN_COMMA = YES;
				CLANG_WARN_CONSTANT_CONVERSION = YES;
				CLANG_WARN_DEPRECATED_OBJC_IMPLEMENTATIONS = YES;
				CLANG_WARN_DIRECT_OBJC_ISA_USAGE = YES_ERROR;
				CLANG_WARN_DOCUMENTATION_COMMENTS = YES;
				CLANG_WARN_EMPTY_BODY = YES;
				CLANG_WARN_ENUM_CONVERSION = YES;
				CLANG_WARN_INFINITE_RECURSION = YES;
				CLANG_WARN_INT_CONVERSION = YES;
				CLANG_WARN_NON_LITERAL_NULL_CONVERSION = YES;
				CLANG_WARN_OBJC_IMPLICIT_RETAIN_SELF = YES;
				CLANG_WARN_OBJC_LITERAL_CONVERSION = YES;
				CLANG_WARN_OBJC_ROOT_CLASS = YES_ERROR;
				CLANG_WARN_QUOTED_INCLUDE_IN_FRAMEWORK_HEADER = YES;
				CLANG_WARN_RANGE_LOOP_ANALYSIS = YES;
				CLANG_WARN_STRICT_PROTOTYPES = YES;
				CLANG_WARN_SUSPICIOUS_MOVE = YES;
				CLANG_WARN_UNGUARDED_AVAILABILITY = YES_AGGRESSIVE;
				CLANG_WARN_UNREACHABLE_CODE = YES;
				CLANG_WARN__DUPLICATE_METHOD_MATCH = YES;
				COPY_PHASE_STRIP = NO;
				DEBUG_INFORMATION_FORMAT = "dwarf-with-dsym";
				ENABLE_NS_ASSERTIONS = NO;
				ENABLE_STRICT_OBJC_MSGSEND = YES;
				GCC_C_LANGUAGE_STANDARD = gnu11;
				GCC_NO_COMMON_BLOCKS = YES;
				GCC_WARN_64_TO_32_BIT_CONVERSION = YES;
				GCC_WARN_ABOUT_RETURN_TYPE = YES_ERROR;
				GCC_WARN_UNDECLARED_SELECTOR = YES;
				GCC_WARN_UNINITIALIZED_AUTOS = YES_AGGRESSIVE;
				GCC_WARN_UNUSED_FUNCTION = YES;
				GCC_WARN_UNUSED_VARIABLE = YES;
				IPHONEOS_DEPLOYMENT_TARGET = 16.2;
				MTL_ENABLE_DEBUG_INFO = NO;
				MTL_FAST_MATH = YES;
				SDKROOT = iphoneos;
				SWIFT_COMPILATION_MODE = wholemodule;
				SWIFT_OPTIMIZATION_LEVEL = "-O";
				VALIDATE_PRODUCT = YES;
			};
			name = Release;
		};
		A66DAB932A12C0860071D0F8 /* Debug */ = {
			isa = XCBuildConfiguration;
			buildSettings = {
				ASSETCATALOG_COMPILER_APPICON_NAME = AppIcon;
				ASSETCATALOG_COMPILER_GLOBAL_ACCENT_COLOR_NAME = AccentColor;
				CODE_SIGN_STYLE = Automatic;
				CURRENT_PROJECT_VERSION = 1;
				DEVELOPMENT_ASSET_PATHS = "\"SwiftUI-tutorial/Preview Content\"";
				ENABLE_PREVIEWS = YES;
				GENERATE_INFOPLIST_FILE = YES;
				INFOPLIST_KEY_UIApplicationSceneManifest_Generation = YES;
				INFOPLIST_KEY_UIApplicationSupportsIndirectInputEvents = YES;
				INFOPLIST_KEY_UILaunchScreen_Generation = YES;
				INFOPLIST_KEY_UISupportedInterfaceOrientations_iPad = "UIInterfaceOrientationPortrait UIInterfaceOrientationPortraitUpsideDown UIInterfaceOrientationLandscapeLeft UIInterfaceOrientationLandscapeRight";
				INFOPLIST_KEY_UISupportedInterfaceOrientations_iPhone = "UIInterfaceOrientationPortrait UIInterfaceOrientationLandscapeLeft UIInterfaceOrientationLandscapeRight";
				LD_RUNPATH_SEARCH_PATHS = (
					"$(inherited)",
					"@executable_path/Frameworks",
				);
				MARKETING_VERSION = 1.0;
				PRODUCT_BUNDLE_IDENTIFIER = "com.karlos.SwiftUI-tutorial";
				PRODUCT_NAME = "$(TARGET_NAME)";
				SWIFT_EMIT_LOC_STRINGS = YES;
				SWIFT_VERSION = 5.0;
				TARGETED_DEVICE_FAMILY = "1,2";
			};
			name = Debug;
		};
		A66DAB942A12C0860071D0F8 /* Release */ = {
			isa = XCBuildConfiguration;
			buildSettings = {
				ASSETCATALOG_COMPILER_APPICON_NAME = AppIcon;
				ASSETCATALOG_COMPILER_GLOBAL_ACCENT_COLOR_NAME = AccentColor;
				CODE_SIGN_STYLE = Automatic;
				CURRENT_PROJECT_VERSION = 1;
				DEVELOPMENT_ASSET_PATHS = "\"SwiftUI-tutorial/Preview Content\"";
				ENABLE_PREVIEWS = YES;
				GENERATE_INFOPLIST_FILE = YES;
				INFOPLIST_KEY_UIApplicationSceneManifest_Generation = YES;
				INFOPLIST_KEY_UIApplicationSupportsIndirectInputEvents = YES;
				INFOPLIST_KEY_UILaunchScreen_Generation = YES;
				INFOPLIST_KEY_UISupportedInterfaceOrientations_iPad = "UIInterfaceOrientationPortrait UIInterfaceOrientationPortraitUpsideDown UIInterfaceOrientationLandscapeLeft UIInterfaceOrientationLandscapeRight";
				INFOPLIST_KEY_UISupportedInterfaceOrientations_iPhone = "UIInterfaceOrientationPortrait UIInterfaceOrientationLandscapeLeft UIInterfaceOrientationLandscapeRight";
				LD_RUNPATH_SEARCH_PATHS = (
					"$(inherited)",
					"@executable_path/Frameworks",
				);
				MARKETING_VERSION = 1.0;
				PRODUCT_BUNDLE_IDENTIFIER = "com.karlos.SwiftUI-tutorial";
				PRODUCT_NAME = "$(TARGET_NAME)";
				SWIFT_EMIT_LOC_STRINGS = YES;
				SWIFT_VERSION = 5.0;
				TARGETED_DEVICE_FAMILY = "1,2";
			};
			name = Release;
		};
/* End XCBuildConfiguration section */

/* Begin XCConfigurationList section */
		A66DAB7F2A12C0840071D0F8 /* Build configuration list for PBXProject "SwiftUI-tutorial" */ = {
			isa = XCConfigurationList;
			buildConfigurations = (
				A66DAB902A12C0860071D0F8 /* Debug */,
				A66DAB912A12C0860071D0F8 /* Release */,
			);
			defaultConfigurationIsVisible = 0;
			defaultConfigurationName = Release;
		};
		A66DAB922A12C0860071D0F8 /* Build configuration list for PBXNativeTarget "SwiftUI-tutorial" */ = {
			isa = XCConfigurationList;
			buildConfigurations = (
				A66DAB932A12C0860071D0F8 /* Debug */,
				A66DAB942A12C0860071D0F8 /* Release */,
			);
			defaultConfigurationIsVisible = 0;
			defaultConfigurationName = Release;
		};
/* End XCConfigurationList section */
	};
	rootObject = A66DAB7C2A12C0840071D0F8 /* Project object */;
}
